
Microsoft Visual Studio Solution File, Format Version 12.00
# Visual Studio Version 17
VisualStudioVersion = 17.5.33516.290
MinimumVisualStudioVersion = 10.0.40219.1
Project("{2150E333-8FDC-42A3-9474-1A3956D46DE8}") = "Solution Items", "Solution Items", "{75E4D3EA-7177-46E3-A85E-20EA09435A29}"
	ProjectSection(SolutionItems) = preProject
		..\pipelines\ApplyVersionToAssemblies.ps1 = ..\pipelines\ApplyVersionToAssemblies.ps1
		install-scripts\CopyDeploymentArtefactsBeforePublish.ps1 = install-scripts\CopyDeploymentArtefactsBeforePublish.ps1
		install-scripts\DeploymentCommon.ps1 = install-scripts\DeploymentCommon.ps1
		install-scripts\DeploySettings.json = install-scripts\DeploySettings.json
		..\pipelines\dorc-build.yml = ..\pipelines\dorc-build.yml
		..\pipelines\dorc-cmdlet.yml = ..\pipelines\dorc-cmdlet.yml
		..\pipelines\dorc-release-pipeline.yml = ..\pipelines\dorc-release-pipeline.yml
		Includes\GlobalAssemblyInfo.cs = Includes\GlobalAssemblyInfo.cs
		install-scripts\RunDeployment.ps1 = install-scripts\RunDeployment.ps1
		install-scripts\TestHarness.ps1 = install-scripts\TestHarness.ps1
	EndProjectSection
EndProject
Project("{9A19103F-16F7-4668-BE54-9A1E7A4F7556}") = "Dorc.ApiModel", "Dorc.ApiModel\Dorc.ApiModel.csproj", "{DC799176-4464-4129-9436-2EE7D6F83149}"
EndProject
Project("{9A19103F-16F7-4668-BE54-9A1E7A4F7556}") = "Dorc.Core", "Dorc.Core\Dorc.Core.csproj", "{7D215C1B-F9BC-457A-8AE0-4638AA01F2D4}"
EndProject
Project("{9A19103F-16F7-4668-BE54-9A1E7A4F7556}") = "Org.OpenAPITools", "Dorc.AzureDevOps\src\Org.OpenAPITools\Org.OpenAPITools.csproj", "{6918C97B-741D-46AC-96D0-F26C6DEC8926}"
EndProject
Project("{9A19103F-16F7-4668-BE54-9A1E7A4F7556}") = "Org.OpenAPITools.Test", "Dorc.AzureDevOps\src\Org.OpenAPITools.Test\Org.OpenAPITools.Test.csproj", "{5A770A87-A4CC-478C-AEA6-0411DDD6844A}"
EndProject
Project("{9A19103F-16F7-4668-BE54-9A1E7A4F7556}") = "Dorc.Api", "Dorc.Api\Dorc.Api.csproj", "{E4958E0F-EC3C-4943-ADFB-DEB744F5AB57}"
EndProject
Project("{9A19103F-16F7-4668-BE54-9A1E7A4F7556}") = "Dorc.PersistentData", "Dorc.PersistentData\Dorc.PersistentData.csproj", "{81D41334-E82E-4773-9395-99E38169F591}"
EndProject
Project("{00D1A9C2-B5F0-4AF3-8072-F6C62B433612}") = "Dorc.Database", "Dorc.Database\Dorc.Database.sqlproj", "{81A46968-2261-4685-9A68-F0816FDAB051}"
EndProject
Project("{B7DD6F7E-DEF8-4E67-B5B7-07EF123DB6F0}") = "Setup.Dorc", "Setup.Dorc\Setup.Dorc.wixproj", "{AFC36860-C179-451E-8664-02D91E58D2B9}"
EndProject
Project("{B7DD6F7E-DEF8-4E67-B5B7-07EF123DB6F0}") = "Setup.Acceptance", "Setup.Acceptance\Setup.Acceptance.wixproj", "{C35219BE-8747-4452-8B25-5CACF6E70DCE}"
EndProject
Project("{9A19103F-16F7-4668-BE54-9A1E7A4F7556}") = "Tests.Acceptance", "Tests.Acceptance\Tests.Acceptance.csproj", "{CDA5C8F8-9F58-4839-9FD7-754D2D9B5D84}"
EndProject
Project("{9A19103F-16F7-4668-BE54-9A1E7A4F7556}") = "Dorc.Runner", "Dorc.Runner\Dorc.Runner.csproj", "{22984457-BE1C-4F31-A648-85639C3D5134}"
EndProject
Project("{9A19103F-16F7-4668-BE54-9A1E7A4F7556}") = "Dorc.Monitor", "Dorc.Monitor\Dorc.Monitor.csproj", "{F70BC1DE-6EF1-4631-A9D3-6BE4ECDCE31C}"
EndProject
Project("{9A19103F-16F7-4668-BE54-9A1E7A4F7556}") = "Dorc.Api.Tests", "Dorc.Api.Tests\Dorc.Api.Tests.csproj", "{1D6B45AB-CFF8-4CCE-983F-B98D2B1FE413}"
EndProject
Project("{9A19103F-16F7-4668-BE54-9A1E7A4F7556}") = "Tools.DeployCopyEnvBuildCLI", "Tools.DeployCopyEnvBuildCLI\Tools.DeployCopyEnvBuildCLI.csproj", "{4EB83507-3529-4E2E-831E-743A2696979A}"
EndProject
Project("{F5034706-568F-408A-B7B3-4D38C6DB8A32}") = "ManagePropertiesCmdlet", "Tools.DOrc.Cmdlet\ManagePropertiesCmdlet.pssproj", "{6CAFC0C6-A428-4D30-A9F9-700E829FEA51}"
EndProject
Project("{9A19103F-16F7-4668-BE54-9A1E7A4F7556}") = "Tools.PostRestoreEndurCLI", "Tools.PostRestoreEndurCLI\Tools.PostRestoreEndurCLI.csproj", "{9D8AE181-1655-46AB-B339-CDCE3ABC7AFF}"
EndProject
Project("{9A19103F-16F7-4668-BE54-9A1E7A4F7556}") = "Tools.PropertyValueCreationCLI", "Tools.PropertyValueCreationCLI\Tools.PropertyValueCreationCLI.csproj", "{912A6804-D505-474C-8BBB-59E5F7480094}"
EndProject
Project("{9A19103F-16F7-4668-BE54-9A1E7A4F7556}") = "Tools.RequestCLI", "Tools.RequestCLI\Tools.RequestCLI.csproj", "{716366EE-AAA0-4F7E-930E-F9D1CF229671}"
EndProject
Project("{9A19103F-16F7-4668-BE54-9A1E7A4F7556}") = "Dorc.Monitor.IntegrationTests", "Dorc.Monitor.IntegrationTests\Dorc.Monitor.IntegrationTests.csproj", "{093CC1FE-A1F0-4697-8AF3-591CE8B97548}"
EndProject
Project("{FAE04EC0-301F-11D3-BF4B-00C04F79EFBC}") = "Dorc.NetFramework.Runner", "Dorc.NetFramework.Runner\Dorc.NetFramework.Runner.csproj", "{D9AC948D-D227-4A8D-96BE-88D7E5C54ACA}"
EndProject
Project("{FAE04EC0-301F-11D3-BF4B-00C04F79EFBC}") = "Dorc.NetFramework.PowerShell", "Dorc.NetFramework.PowerShell\Dorc.NetFramework.PowerShell.csproj", "{6B2EC35D-930D-4387-B72F-975A8F16A25D}"
EndProject
Project("{9A19103F-16F7-4668-BE54-9A1E7A4F7556}") = "Dorc.PowerShell", "Dorc.PowerShell\Dorc.PowerShell.csproj", "{47044FE7-3630-487C-AB09-6BEDCBC3998C}"
EndProject
Project("{9A19103F-16F7-4668-BE54-9A1E7A4F7556}") = "Dorc.Runner.Logger", "Dorc.Runner.Logger\Dorc.Runner.Logger.csproj", "{DDF154C7-9CC3-4C93-9611-96D576A29EDF}"
EndProject
Project("{FAE04EC0-301F-11D3-BF4B-00C04F79EFBC}") = "Dorc.OpenSearchData", "Dorc.OpenSearchData\Dorc.OpenSearchData.csproj", "{F2D19632-5348-479C-8111-8DA341EC6BA8}"
EndProject
Project("{FAE04EC0-301F-11D3-BF4B-00C04F79EFBC}") = "Dorc.Core.Tests", "Dorc.Core.Tests\Dorc.Core.Tests.csproj", "{B631FB5A-EC7F-4212-8E65-279639B438A0}"
EndProject
Project("{FAE04EC0-301F-11D3-BF4B-00C04F79EFBC}") = "Dorc.TerraformRunner", "Dorc.TerraformRunner\Dorc.TerraformRunner.csproj", "{A834D54E-D9F9-42D9-9960-58F1CC84B84F}"
EndProject
Global
	GlobalSection(SolutionConfigurationPlatforms) = preSolution
		Debug|Any CPU = Debug|Any CPU
		Debug|ARM64 = Debug|ARM64
		Debug|x64 = Debug|x64
		Debug|x86 = Debug|x86
		Release|Any CPU = Release|Any CPU
		Release|ARM64 = Release|ARM64
		Release|x64 = Release|x64
		Release|x86 = Release|x86
	EndGlobalSection
	GlobalSection(ProjectConfigurationPlatforms) = postSolution
		{DC799176-4464-4129-9436-2EE7D6F83149}.Debug|Any CPU.ActiveCfg = Debug|Any CPU
		{DC799176-4464-4129-9436-2EE7D6F83149}.Debug|Any CPU.Build.0 = Debug|Any CPU
		{DC799176-4464-4129-9436-2EE7D6F83149}.Debug|ARM64.ActiveCfg = Debug|Any CPU
		{DC799176-4464-4129-9436-2EE7D6F83149}.Debug|ARM64.Build.0 = Debug|Any CPU
		{DC799176-4464-4129-9436-2EE7D6F83149}.Debug|x64.ActiveCfg = Debug|Any CPU
		{DC799176-4464-4129-9436-2EE7D6F83149}.Debug|x64.Build.0 = Debug|Any CPU
		{DC799176-4464-4129-9436-2EE7D6F83149}.Debug|x86.ActiveCfg = Debug|Any CPU
		{DC799176-4464-4129-9436-2EE7D6F83149}.Debug|x86.Build.0 = Debug|Any CPU
		{DC799176-4464-4129-9436-2EE7D6F83149}.Release|Any CPU.ActiveCfg = Release|Any CPU
		{DC799176-4464-4129-9436-2EE7D6F83149}.Release|Any CPU.Build.0 = Release|Any CPU
		{DC799176-4464-4129-9436-2EE7D6F83149}.Release|ARM64.ActiveCfg = Release|Any CPU
		{DC799176-4464-4129-9436-2EE7D6F83149}.Release|ARM64.Build.0 = Release|Any CPU
		{DC799176-4464-4129-9436-2EE7D6F83149}.Release|x64.ActiveCfg = Release|Any CPU
		{DC799176-4464-4129-9436-2EE7D6F83149}.Release|x64.Build.0 = Release|Any CPU
		{DC799176-4464-4129-9436-2EE7D6F83149}.Release|x86.ActiveCfg = Release|Any CPU
		{DC799176-4464-4129-9436-2EE7D6F83149}.Release|x86.Build.0 = Release|Any CPU
		{7D215C1B-F9BC-457A-8AE0-4638AA01F2D4}.Debug|Any CPU.ActiveCfg = Debug|Any CPU
		{7D215C1B-F9BC-457A-8AE0-4638AA01F2D4}.Debug|Any CPU.Build.0 = Debug|Any CPU
		{7D215C1B-F9BC-457A-8AE0-4638AA01F2D4}.Debug|ARM64.ActiveCfg = Debug|Any CPU
		{7D215C1B-F9BC-457A-8AE0-4638AA01F2D4}.Debug|ARM64.Build.0 = Debug|Any CPU
		{7D215C1B-F9BC-457A-8AE0-4638AA01F2D4}.Debug|x64.ActiveCfg = Debug|Any CPU
		{7D215C1B-F9BC-457A-8AE0-4638AA01F2D4}.Debug|x64.Build.0 = Debug|Any CPU
		{7D215C1B-F9BC-457A-8AE0-4638AA01F2D4}.Debug|x86.ActiveCfg = Debug|Any CPU
		{7D215C1B-F9BC-457A-8AE0-4638AA01F2D4}.Debug|x86.Build.0 = Debug|Any CPU
		{7D215C1B-F9BC-457A-8AE0-4638AA01F2D4}.Release|Any CPU.ActiveCfg = Release|Any CPU
		{7D215C1B-F9BC-457A-8AE0-4638AA01F2D4}.Release|Any CPU.Build.0 = Release|Any CPU
		{7D215C1B-F9BC-457A-8AE0-4638AA01F2D4}.Release|ARM64.ActiveCfg = Release|Any CPU
		{7D215C1B-F9BC-457A-8AE0-4638AA01F2D4}.Release|ARM64.Build.0 = Release|Any CPU
		{7D215C1B-F9BC-457A-8AE0-4638AA01F2D4}.Release|x64.ActiveCfg = Release|Any CPU
		{7D215C1B-F9BC-457A-8AE0-4638AA01F2D4}.Release|x64.Build.0 = Release|Any CPU
		{7D215C1B-F9BC-457A-8AE0-4638AA01F2D4}.Release|x86.ActiveCfg = Release|Any CPU
		{7D215C1B-F9BC-457A-8AE0-4638AA01F2D4}.Release|x86.Build.0 = Release|Any CPU
		{6918C97B-741D-46AC-96D0-F26C6DEC8926}.Debug|Any CPU.ActiveCfg = Debug|Any CPU
		{6918C97B-741D-46AC-96D0-F26C6DEC8926}.Debug|Any CPU.Build.0 = Debug|Any CPU
		{6918C97B-741D-46AC-96D0-F26C6DEC8926}.Debug|ARM64.ActiveCfg = Debug|Any CPU
		{6918C97B-741D-46AC-96D0-F26C6DEC8926}.Debug|ARM64.Build.0 = Debug|Any CPU
		{6918C97B-741D-46AC-96D0-F26C6DEC8926}.Debug|x64.ActiveCfg = Debug|Any CPU
		{6918C97B-741D-46AC-96D0-F26C6DEC8926}.Debug|x64.Build.0 = Debug|Any CPU
		{6918C97B-741D-46AC-96D0-F26C6DEC8926}.Debug|x86.ActiveCfg = Debug|Any CPU
		{6918C97B-741D-46AC-96D0-F26C6DEC8926}.Debug|x86.Build.0 = Debug|Any CPU
		{6918C97B-741D-46AC-96D0-F26C6DEC8926}.Release|Any CPU.ActiveCfg = Release|Any CPU
		{6918C97B-741D-46AC-96D0-F26C6DEC8926}.Release|Any CPU.Build.0 = Release|Any CPU
		{6918C97B-741D-46AC-96D0-F26C6DEC8926}.Release|ARM64.ActiveCfg = Release|Any CPU
		{6918C97B-741D-46AC-96D0-F26C6DEC8926}.Release|ARM64.Build.0 = Release|Any CPU
		{6918C97B-741D-46AC-96D0-F26C6DEC8926}.Release|x64.ActiveCfg = Release|Any CPU
		{6918C97B-741D-46AC-96D0-F26C6DEC8926}.Release|x64.Build.0 = Release|Any CPU
		{6918C97B-741D-46AC-96D0-F26C6DEC8926}.Release|x86.ActiveCfg = Release|Any CPU
		{6918C97B-741D-46AC-96D0-F26C6DEC8926}.Release|x86.Build.0 = Release|Any CPU
		{5A770A87-A4CC-478C-AEA6-0411DDD6844A}.Debug|Any CPU.ActiveCfg = Debug|Any CPU
		{5A770A87-A4CC-478C-AEA6-0411DDD6844A}.Debug|Any CPU.Build.0 = Debug|Any CPU
		{5A770A87-A4CC-478C-AEA6-0411DDD6844A}.Debug|ARM64.ActiveCfg = Debug|Any CPU
		{5A770A87-A4CC-478C-AEA6-0411DDD6844A}.Debug|ARM64.Build.0 = Debug|Any CPU
		{5A770A87-A4CC-478C-AEA6-0411DDD6844A}.Debug|x64.ActiveCfg = Debug|Any CPU
		{5A770A87-A4CC-478C-AEA6-0411DDD6844A}.Debug|x64.Build.0 = Debug|Any CPU
		{5A770A87-A4CC-478C-AEA6-0411DDD6844A}.Debug|x86.ActiveCfg = Debug|Any CPU
		{5A770A87-A4CC-478C-AEA6-0411DDD6844A}.Debug|x86.Build.0 = Debug|Any CPU
		{5A770A87-A4CC-478C-AEA6-0411DDD6844A}.Release|Any CPU.ActiveCfg = Release|Any CPU
		{5A770A87-A4CC-478C-AEA6-0411DDD6844A}.Release|Any CPU.Build.0 = Release|Any CPU
		{5A770A87-A4CC-478C-AEA6-0411DDD6844A}.Release|ARM64.ActiveCfg = Release|Any CPU
		{5A770A87-A4CC-478C-AEA6-0411DDD6844A}.Release|ARM64.Build.0 = Release|Any CPU
		{5A770A87-A4CC-478C-AEA6-0411DDD6844A}.Release|x64.ActiveCfg = Release|Any CPU
		{5A770A87-A4CC-478C-AEA6-0411DDD6844A}.Release|x64.Build.0 = Release|Any CPU
		{5A770A87-A4CC-478C-AEA6-0411DDD6844A}.Release|x86.ActiveCfg = Release|Any CPU
		{5A770A87-A4CC-478C-AEA6-0411DDD6844A}.Release|x86.Build.0 = Release|Any CPU
		{E4958E0F-EC3C-4943-ADFB-DEB744F5AB57}.Debug|Any CPU.ActiveCfg = Debug|Any CPU
		{E4958E0F-EC3C-4943-ADFB-DEB744F5AB57}.Debug|Any CPU.Build.0 = Debug|Any CPU
		{E4958E0F-EC3C-4943-ADFB-DEB744F5AB57}.Debug|ARM64.ActiveCfg = Debug|Any CPU
		{E4958E0F-EC3C-4943-ADFB-DEB744F5AB57}.Debug|ARM64.Build.0 = Debug|Any CPU
		{E4958E0F-EC3C-4943-ADFB-DEB744F5AB57}.Debug|x64.ActiveCfg = Debug|Any CPU
		{E4958E0F-EC3C-4943-ADFB-DEB744F5AB57}.Debug|x64.Build.0 = Debug|Any CPU
		{E4958E0F-EC3C-4943-ADFB-DEB744F5AB57}.Debug|x86.ActiveCfg = Debug|Any CPU
		{E4958E0F-EC3C-4943-ADFB-DEB744F5AB57}.Debug|x86.Build.0 = Debug|Any CPU
		{E4958E0F-EC3C-4943-ADFB-DEB744F5AB57}.Release|Any CPU.ActiveCfg = Release|Any CPU
		{E4958E0F-EC3C-4943-ADFB-DEB744F5AB57}.Release|Any CPU.Build.0 = Release|Any CPU
		{E4958E0F-EC3C-4943-ADFB-DEB744F5AB57}.Release|ARM64.ActiveCfg = Release|Any CPU
		{E4958E0F-EC3C-4943-ADFB-DEB744F5AB57}.Release|ARM64.Build.0 = Release|Any CPU
		{E4958E0F-EC3C-4943-ADFB-DEB744F5AB57}.Release|x64.ActiveCfg = Release|Any CPU
		{E4958E0F-EC3C-4943-ADFB-DEB744F5AB57}.Release|x64.Build.0 = Release|Any CPU
		{E4958E0F-EC3C-4943-ADFB-DEB744F5AB57}.Release|x86.ActiveCfg = Release|Any CPU
		{E4958E0F-EC3C-4943-ADFB-DEB744F5AB57}.Release|x86.Build.0 = Release|Any CPU
		{81D41334-E82E-4773-9395-99E38169F591}.Debug|Any CPU.ActiveCfg = Debug|Any CPU
		{81D41334-E82E-4773-9395-99E38169F591}.Debug|Any CPU.Build.0 = Debug|Any CPU
		{81D41334-E82E-4773-9395-99E38169F591}.Debug|ARM64.ActiveCfg = Debug|Any CPU
		{81D41334-E82E-4773-9395-99E38169F591}.Debug|ARM64.Build.0 = Debug|Any CPU
		{81D41334-E82E-4773-9395-99E38169F591}.Debug|x64.ActiveCfg = Debug|Any CPU
		{81D41334-E82E-4773-9395-99E38169F591}.Debug|x64.Build.0 = Debug|Any CPU
		{81D41334-E82E-4773-9395-99E38169F591}.Debug|x86.ActiveCfg = Debug|Any CPU
		{81D41334-E82E-4773-9395-99E38169F591}.Debug|x86.Build.0 = Debug|Any CPU
		{81D41334-E82E-4773-9395-99E38169F591}.Release|Any CPU.ActiveCfg = Release|Any CPU
		{81D41334-E82E-4773-9395-99E38169F591}.Release|Any CPU.Build.0 = Release|Any CPU
		{81D41334-E82E-4773-9395-99E38169F591}.Release|ARM64.ActiveCfg = Release|Any CPU
		{81D41334-E82E-4773-9395-99E38169F591}.Release|ARM64.Build.0 = Release|Any CPU
		{81D41334-E82E-4773-9395-99E38169F591}.Release|x64.ActiveCfg = Release|Any CPU
		{81D41334-E82E-4773-9395-99E38169F591}.Release|x64.Build.0 = Release|Any CPU
		{81D41334-E82E-4773-9395-99E38169F591}.Release|x86.ActiveCfg = Release|Any CPU
		{81D41334-E82E-4773-9395-99E38169F591}.Release|x86.Build.0 = Release|Any CPU
		{81A46968-2261-4685-9A68-F0816FDAB051}.Debug|Any CPU.ActiveCfg = Debug|Any CPU
		{81A46968-2261-4685-9A68-F0816FDAB051}.Debug|Any CPU.Build.0 = Debug|Any CPU
		{81A46968-2261-4685-9A68-F0816FDAB051}.Debug|Any CPU.Deploy.0 = Debug|Any CPU
		{81A46968-2261-4685-9A68-F0816FDAB051}.Debug|ARM64.ActiveCfg = Debug|Any CPU
		{81A46968-2261-4685-9A68-F0816FDAB051}.Debug|ARM64.Build.0 = Debug|Any CPU
		{81A46968-2261-4685-9A68-F0816FDAB051}.Debug|ARM64.Deploy.0 = Debug|Any CPU
		{81A46968-2261-4685-9A68-F0816FDAB051}.Debug|x64.ActiveCfg = Debug|x64
		{81A46968-2261-4685-9A68-F0816FDAB051}.Debug|x64.Build.0 = Debug|x64
		{81A46968-2261-4685-9A68-F0816FDAB051}.Debug|x64.Deploy.0 = Debug|x64
		{81A46968-2261-4685-9A68-F0816FDAB051}.Debug|x86.ActiveCfg = Debug|Any CPU
		{81A46968-2261-4685-9A68-F0816FDAB051}.Debug|x86.Build.0 = Debug|Any CPU
		{81A46968-2261-4685-9A68-F0816FDAB051}.Debug|x86.Deploy.0 = Debug|Any CPU
		{81A46968-2261-4685-9A68-F0816FDAB051}.Release|Any CPU.ActiveCfg = Release|Any CPU
		{81A46968-2261-4685-9A68-F0816FDAB051}.Release|Any CPU.Build.0 = Release|Any CPU
		{81A46968-2261-4685-9A68-F0816FDAB051}.Release|Any CPU.Deploy.0 = Release|Any CPU
		{81A46968-2261-4685-9A68-F0816FDAB051}.Release|ARM64.ActiveCfg = Release|Any CPU
		{81A46968-2261-4685-9A68-F0816FDAB051}.Release|ARM64.Build.0 = Release|Any CPU
		{81A46968-2261-4685-9A68-F0816FDAB051}.Release|ARM64.Deploy.0 = Release|Any CPU
		{81A46968-2261-4685-9A68-F0816FDAB051}.Release|x64.ActiveCfg = Release|x64
		{81A46968-2261-4685-9A68-F0816FDAB051}.Release|x64.Build.0 = Release|x64
		{81A46968-2261-4685-9A68-F0816FDAB051}.Release|x64.Deploy.0 = Release|x64
		{81A46968-2261-4685-9A68-F0816FDAB051}.Release|x86.ActiveCfg = Release|Any CPU
		{81A46968-2261-4685-9A68-F0816FDAB051}.Release|x86.Build.0 = Release|Any CPU
		{81A46968-2261-4685-9A68-F0816FDAB051}.Release|x86.Deploy.0 = Release|Any CPU
		{AFC36860-C179-451E-8664-02D91E58D2B9}.Debug|Any CPU.ActiveCfg = Debug|x64
		{AFC36860-C179-451E-8664-02D91E58D2B9}.Debug|ARM64.ActiveCfg = Debug|x64
		{AFC36860-C179-451E-8664-02D91E58D2B9}.Debug|x64.ActiveCfg = Debug|x64
		{AFC36860-C179-451E-8664-02D91E58D2B9}.Debug|x64.Build.0 = Debug|x64
		{AFC36860-C179-451E-8664-02D91E58D2B9}.Debug|x86.ActiveCfg = Debug|x64
		{AFC36860-C179-451E-8664-02D91E58D2B9}.Release|Any CPU.ActiveCfg = Release|x64
		{AFC36860-C179-451E-8664-02D91E58D2B9}.Release|Any CPU.Build.0 = Release|x64
		{AFC36860-C179-451E-8664-02D91E58D2B9}.Release|ARM64.ActiveCfg = Release|x64
		{AFC36860-C179-451E-8664-02D91E58D2B9}.Release|x64.ActiveCfg = Release|x64
		{AFC36860-C179-451E-8664-02D91E58D2B9}.Release|x64.Build.0 = Release|x64
		{AFC36860-C179-451E-8664-02D91E58D2B9}.Release|x86.ActiveCfg = Release|x64
		{C35219BE-8747-4452-8B25-5CACF6E70DCE}.Debug|Any CPU.ActiveCfg = Debug|x64
		{C35219BE-8747-4452-8B25-5CACF6E70DCE}.Debug|ARM64.ActiveCfg = Debug|x64
		{C35219BE-8747-4452-8B25-5CACF6E70DCE}.Debug|x64.ActiveCfg = Debug|x64
		{C35219BE-8747-4452-8B25-5CACF6E70DCE}.Debug|x64.Build.0 = Debug|x64
		{C35219BE-8747-4452-8B25-5CACF6E70DCE}.Debug|x86.ActiveCfg = Debug|x64
		{C35219BE-8747-4452-8B25-5CACF6E70DCE}.Release|Any CPU.ActiveCfg = Release|x64
		{C35219BE-8747-4452-8B25-5CACF6E70DCE}.Release|Any CPU.Build.0 = Release|x64
		{C35219BE-8747-4452-8B25-5CACF6E70DCE}.Release|ARM64.ActiveCfg = Release|x64
		{C35219BE-8747-4452-8B25-5CACF6E70DCE}.Release|x64.ActiveCfg = Release|x64
		{C35219BE-8747-4452-8B25-5CACF6E70DCE}.Release|x64.Build.0 = Release|x64
		{C35219BE-8747-4452-8B25-5CACF6E70DCE}.Release|x86.ActiveCfg = Release|x64
		{CDA5C8F8-9F58-4839-9FD7-754D2D9B5D84}.Debug|Any CPU.ActiveCfg = Debug|Any CPU
		{CDA5C8F8-9F58-4839-9FD7-754D2D9B5D84}.Debug|Any CPU.Build.0 = Debug|Any CPU
		{CDA5C8F8-9F58-4839-9FD7-754D2D9B5D84}.Debug|ARM64.ActiveCfg = Debug|Any CPU
		{CDA5C8F8-9F58-4839-9FD7-754D2D9B5D84}.Debug|ARM64.Build.0 = Debug|Any CPU
		{CDA5C8F8-9F58-4839-9FD7-754D2D9B5D84}.Debug|x64.ActiveCfg = Debug|Any CPU
		{CDA5C8F8-9F58-4839-9FD7-754D2D9B5D84}.Debug|x64.Build.0 = Debug|Any CPU
		{CDA5C8F8-9F58-4839-9FD7-754D2D9B5D84}.Debug|x86.ActiveCfg = Debug|Any CPU
		{CDA5C8F8-9F58-4839-9FD7-754D2D9B5D84}.Debug|x86.Build.0 = Debug|Any CPU
		{CDA5C8F8-9F58-4839-9FD7-754D2D9B5D84}.Release|Any CPU.ActiveCfg = Release|Any CPU
		{CDA5C8F8-9F58-4839-9FD7-754D2D9B5D84}.Release|Any CPU.Build.0 = Release|Any CPU
		{CDA5C8F8-9F58-4839-9FD7-754D2D9B5D84}.Release|ARM64.ActiveCfg = Release|Any CPU
		{CDA5C8F8-9F58-4839-9FD7-754D2D9B5D84}.Release|ARM64.Build.0 = Release|Any CPU
		{CDA5C8F8-9F58-4839-9FD7-754D2D9B5D84}.Release|x64.ActiveCfg = Release|Any CPU
		{CDA5C8F8-9F58-4839-9FD7-754D2D9B5D84}.Release|x64.Build.0 = Release|Any CPU
		{CDA5C8F8-9F58-4839-9FD7-754D2D9B5D84}.Release|x86.ActiveCfg = Release|Any CPU
		{CDA5C8F8-9F58-4839-9FD7-754D2D9B5D84}.Release|x86.Build.0 = Release|Any CPU
		{22984457-BE1C-4F31-A648-85639C3D5134}.Debug|Any CPU.ActiveCfg = Debug|Any CPU
		{22984457-BE1C-4F31-A648-85639C3D5134}.Debug|Any CPU.Build.0 = Debug|Any CPU
		{22984457-BE1C-4F31-A648-85639C3D5134}.Debug|ARM64.ActiveCfg = Debug|Any CPU
		{22984457-BE1C-4F31-A648-85639C3D5134}.Debug|ARM64.Build.0 = Debug|Any CPU
		{22984457-BE1C-4F31-A648-85639C3D5134}.Debug|x64.ActiveCfg = Debug|Any CPU
		{22984457-BE1C-4F31-A648-85639C3D5134}.Debug|x64.Build.0 = Debug|Any CPU
		{22984457-BE1C-4F31-A648-85639C3D5134}.Debug|x86.ActiveCfg = Debug|Any CPU
		{22984457-BE1C-4F31-A648-85639C3D5134}.Debug|x86.Build.0 = Debug|Any CPU
		{22984457-BE1C-4F31-A648-85639C3D5134}.Release|Any CPU.ActiveCfg = Release|Any CPU
		{22984457-BE1C-4F31-A648-85639C3D5134}.Release|Any CPU.Build.0 = Release|Any CPU
		{22984457-BE1C-4F31-A648-85639C3D5134}.Release|ARM64.ActiveCfg = Release|Any CPU
		{22984457-BE1C-4F31-A648-85639C3D5134}.Release|ARM64.Build.0 = Release|Any CPU
		{22984457-BE1C-4F31-A648-85639C3D5134}.Release|x64.ActiveCfg = Release|Any CPU
		{22984457-BE1C-4F31-A648-85639C3D5134}.Release|x64.Build.0 = Release|Any CPU
		{22984457-BE1C-4F31-A648-85639C3D5134}.Release|x86.ActiveCfg = Release|Any CPU
		{22984457-BE1C-4F31-A648-85639C3D5134}.Release|x86.Build.0 = Release|Any CPU
		{F70BC1DE-6EF1-4631-A9D3-6BE4ECDCE31C}.Debug|Any CPU.ActiveCfg = Debug|Any CPU
		{F70BC1DE-6EF1-4631-A9D3-6BE4ECDCE31C}.Debug|Any CPU.Build.0 = Debug|Any CPU
		{F70BC1DE-6EF1-4631-A9D3-6BE4ECDCE31C}.Debug|ARM64.ActiveCfg = Debug|Any CPU
		{F70BC1DE-6EF1-4631-A9D3-6BE4ECDCE31C}.Debug|ARM64.Build.0 = Debug|Any CPU
		{F70BC1DE-6EF1-4631-A9D3-6BE4ECDCE31C}.Debug|x64.ActiveCfg = Debug|Any CPU
		{F70BC1DE-6EF1-4631-A9D3-6BE4ECDCE31C}.Debug|x64.Build.0 = Debug|Any CPU
		{F70BC1DE-6EF1-4631-A9D3-6BE4ECDCE31C}.Debug|x86.ActiveCfg = Debug|Any CPU
		{F70BC1DE-6EF1-4631-A9D3-6BE4ECDCE31C}.Debug|x86.Build.0 = Debug|Any CPU
		{F70BC1DE-6EF1-4631-A9D3-6BE4ECDCE31C}.Release|Any CPU.ActiveCfg = Release|Any CPU
		{F70BC1DE-6EF1-4631-A9D3-6BE4ECDCE31C}.Release|Any CPU.Build.0 = Release|Any CPU
		{F70BC1DE-6EF1-4631-A9D3-6BE4ECDCE31C}.Release|ARM64.ActiveCfg = Release|Any CPU
		{F70BC1DE-6EF1-4631-A9D3-6BE4ECDCE31C}.Release|ARM64.Build.0 = Release|Any CPU
		{F70BC1DE-6EF1-4631-A9D3-6BE4ECDCE31C}.Release|x64.ActiveCfg = Release|Any CPU
		{F70BC1DE-6EF1-4631-A9D3-6BE4ECDCE31C}.Release|x64.Build.0 = Release|Any CPU
		{F70BC1DE-6EF1-4631-A9D3-6BE4ECDCE31C}.Release|x86.ActiveCfg = Release|Any CPU
		{F70BC1DE-6EF1-4631-A9D3-6BE4ECDCE31C}.Release|x86.Build.0 = Release|Any CPU
		{1D6B45AB-CFF8-4CCE-983F-B98D2B1FE413}.Debug|Any CPU.ActiveCfg = Debug|Any CPU
		{1D6B45AB-CFF8-4CCE-983F-B98D2B1FE413}.Debug|Any CPU.Build.0 = Debug|Any CPU
		{1D6B45AB-CFF8-4CCE-983F-B98D2B1FE413}.Debug|ARM64.ActiveCfg = Debug|Any CPU
		{1D6B45AB-CFF8-4CCE-983F-B98D2B1FE413}.Debug|ARM64.Build.0 = Debug|Any CPU
		{1D6B45AB-CFF8-4CCE-983F-B98D2B1FE413}.Debug|x64.ActiveCfg = Debug|Any CPU
		{1D6B45AB-CFF8-4CCE-983F-B98D2B1FE413}.Debug|x64.Build.0 = Debug|Any CPU
		{1D6B45AB-CFF8-4CCE-983F-B98D2B1FE413}.Debug|x86.ActiveCfg = Debug|Any CPU
		{1D6B45AB-CFF8-4CCE-983F-B98D2B1FE413}.Debug|x86.Build.0 = Debug|Any CPU
		{1D6B45AB-CFF8-4CCE-983F-B98D2B1FE413}.Release|Any CPU.ActiveCfg = Release|Any CPU
		{1D6B45AB-CFF8-4CCE-983F-B98D2B1FE413}.Release|Any CPU.Build.0 = Release|Any CPU
		{1D6B45AB-CFF8-4CCE-983F-B98D2B1FE413}.Release|ARM64.ActiveCfg = Release|Any CPU
		{1D6B45AB-CFF8-4CCE-983F-B98D2B1FE413}.Release|ARM64.Build.0 = Release|Any CPU
		{1D6B45AB-CFF8-4CCE-983F-B98D2B1FE413}.Release|x64.ActiveCfg = Release|Any CPU
		{1D6B45AB-CFF8-4CCE-983F-B98D2B1FE413}.Release|x64.Build.0 = Release|Any CPU
		{1D6B45AB-CFF8-4CCE-983F-B98D2B1FE413}.Release|x86.ActiveCfg = Release|Any CPU
		{1D6B45AB-CFF8-4CCE-983F-B98D2B1FE413}.Release|x86.Build.0 = Release|Any CPU
		{4EB83507-3529-4E2E-831E-743A2696979A}.Debug|Any CPU.ActiveCfg = Debug|Any CPU
		{4EB83507-3529-4E2E-831E-743A2696979A}.Debug|Any CPU.Build.0 = Debug|Any CPU
		{4EB83507-3529-4E2E-831E-743A2696979A}.Debug|ARM64.ActiveCfg = Debug|Any CPU
		{4EB83507-3529-4E2E-831E-743A2696979A}.Debug|ARM64.Build.0 = Debug|Any CPU
		{4EB83507-3529-4E2E-831E-743A2696979A}.Debug|x64.ActiveCfg = Debug|Any CPU
		{4EB83507-3529-4E2E-831E-743A2696979A}.Debug|x64.Build.0 = Debug|Any CPU
		{4EB83507-3529-4E2E-831E-743A2696979A}.Debug|x86.ActiveCfg = Debug|Any CPU
		{4EB83507-3529-4E2E-831E-743A2696979A}.Debug|x86.Build.0 = Debug|Any CPU
		{4EB83507-3529-4E2E-831E-743A2696979A}.Release|Any CPU.ActiveCfg = Release|Any CPU
		{4EB83507-3529-4E2E-831E-743A2696979A}.Release|Any CPU.Build.0 = Release|Any CPU
		{4EB83507-3529-4E2E-831E-743A2696979A}.Release|ARM64.ActiveCfg = Release|Any CPU
		{4EB83507-3529-4E2E-831E-743A2696979A}.Release|ARM64.Build.0 = Release|Any CPU
		{4EB83507-3529-4E2E-831E-743A2696979A}.Release|x64.ActiveCfg = Release|Any CPU
		{4EB83507-3529-4E2E-831E-743A2696979A}.Release|x64.Build.0 = Release|Any CPU
		{4EB83507-3529-4E2E-831E-743A2696979A}.Release|x86.ActiveCfg = Release|Any CPU
		{4EB83507-3529-4E2E-831E-743A2696979A}.Release|x86.Build.0 = Release|Any CPU
		{6CAFC0C6-A428-4D30-A9F9-700E829FEA51}.Debug|Any CPU.ActiveCfg = Debug|Any CPU
		{6CAFC0C6-A428-4D30-A9F9-700E829FEA51}.Debug|Any CPU.Build.0 = Debug|Any CPU
		{6CAFC0C6-A428-4D30-A9F9-700E829FEA51}.Debug|ARM64.ActiveCfg = Debug|Any CPU
		{6CAFC0C6-A428-4D30-A9F9-700E829FEA51}.Debug|ARM64.Build.0 = Debug|Any CPU
		{6CAFC0C6-A428-4D30-A9F9-700E829FEA51}.Debug|x64.ActiveCfg = Debug|Any CPU
		{6CAFC0C6-A428-4D30-A9F9-700E829FEA51}.Debug|x64.Build.0 = Debug|Any CPU
		{6CAFC0C6-A428-4D30-A9F9-700E829FEA51}.Debug|x86.ActiveCfg = Debug|Any CPU
		{6CAFC0C6-A428-4D30-A9F9-700E829FEA51}.Debug|x86.Build.0 = Debug|Any CPU
		{6CAFC0C6-A428-4D30-A9F9-700E829FEA51}.Release|Any CPU.ActiveCfg = Release|Any CPU
		{6CAFC0C6-A428-4D30-A9F9-700E829FEA51}.Release|Any CPU.Build.0 = Release|Any CPU
		{6CAFC0C6-A428-4D30-A9F9-700E829FEA51}.Release|ARM64.ActiveCfg = Release|Any CPU
		{6CAFC0C6-A428-4D30-A9F9-700E829FEA51}.Release|ARM64.Build.0 = Release|Any CPU
		{6CAFC0C6-A428-4D30-A9F9-700E829FEA51}.Release|x64.ActiveCfg = Release|Any CPU
		{6CAFC0C6-A428-4D30-A9F9-700E829FEA51}.Release|x64.Build.0 = Release|Any CPU
		{6CAFC0C6-A428-4D30-A9F9-700E829FEA51}.Release|x86.ActiveCfg = Release|Any CPU
		{6CAFC0C6-A428-4D30-A9F9-700E829FEA51}.Release|x86.Build.0 = Release|Any CPU
		{9D8AE181-1655-46AB-B339-CDCE3ABC7AFF}.Debug|Any CPU.ActiveCfg = Debug|Any CPU
		{9D8AE181-1655-46AB-B339-CDCE3ABC7AFF}.Debug|Any CPU.Build.0 = Debug|Any CPU
		{9D8AE181-1655-46AB-B339-CDCE3ABC7AFF}.Debug|ARM64.ActiveCfg = Debug|Any CPU
		{9D8AE181-1655-46AB-B339-CDCE3ABC7AFF}.Debug|ARM64.Build.0 = Debug|Any CPU
		{9D8AE181-1655-46AB-B339-CDCE3ABC7AFF}.Debug|x64.ActiveCfg = Debug|Any CPU
		{9D8AE181-1655-46AB-B339-CDCE3ABC7AFF}.Debug|x64.Build.0 = Debug|Any CPU
		{9D8AE181-1655-46AB-B339-CDCE3ABC7AFF}.Debug|x86.ActiveCfg = Debug|Any CPU
		{9D8AE181-1655-46AB-B339-CDCE3ABC7AFF}.Debug|x86.Build.0 = Debug|Any CPU
		{9D8AE181-1655-46AB-B339-CDCE3ABC7AFF}.Release|Any CPU.ActiveCfg = Release|Any CPU
		{9D8AE181-1655-46AB-B339-CDCE3ABC7AFF}.Release|Any CPU.Build.0 = Release|Any CPU
		{9D8AE181-1655-46AB-B339-CDCE3ABC7AFF}.Release|ARM64.ActiveCfg = Release|Any CPU
		{9D8AE181-1655-46AB-B339-CDCE3ABC7AFF}.Release|ARM64.Build.0 = Release|Any CPU
		{9D8AE181-1655-46AB-B339-CDCE3ABC7AFF}.Release|x64.ActiveCfg = Release|Any CPU
		{9D8AE181-1655-46AB-B339-CDCE3ABC7AFF}.Release|x64.Build.0 = Release|Any CPU
		{9D8AE181-1655-46AB-B339-CDCE3ABC7AFF}.Release|x86.ActiveCfg = Release|Any CPU
		{9D8AE181-1655-46AB-B339-CDCE3ABC7AFF}.Release|x86.Build.0 = Release|Any CPU
		{912A6804-D505-474C-8BBB-59E5F7480094}.Debug|Any CPU.ActiveCfg = Debug|Any CPU
		{912A6804-D505-474C-8BBB-59E5F7480094}.Debug|Any CPU.Build.0 = Debug|Any CPU
		{912A6804-D505-474C-8BBB-59E5F7480094}.Debug|ARM64.ActiveCfg = Debug|Any CPU
		{912A6804-D505-474C-8BBB-59E5F7480094}.Debug|ARM64.Build.0 = Debug|Any CPU
		{912A6804-D505-474C-8BBB-59E5F7480094}.Debug|x64.ActiveCfg = Debug|Any CPU
		{912A6804-D505-474C-8BBB-59E5F7480094}.Debug|x64.Build.0 = Debug|Any CPU
		{912A6804-D505-474C-8BBB-59E5F7480094}.Debug|x86.ActiveCfg = Debug|Any CPU
		{912A6804-D505-474C-8BBB-59E5F7480094}.Debug|x86.Build.0 = Debug|Any CPU
		{912A6804-D505-474C-8BBB-59E5F7480094}.Release|Any CPU.ActiveCfg = Release|Any CPU
		{912A6804-D505-474C-8BBB-59E5F7480094}.Release|Any CPU.Build.0 = Release|Any CPU
		{912A6804-D505-474C-8BBB-59E5F7480094}.Release|ARM64.ActiveCfg = Release|Any CPU
		{912A6804-D505-474C-8BBB-59E5F7480094}.Release|ARM64.Build.0 = Release|Any CPU
		{912A6804-D505-474C-8BBB-59E5F7480094}.Release|x64.ActiveCfg = Release|Any CPU
		{912A6804-D505-474C-8BBB-59E5F7480094}.Release|x64.Build.0 = Release|Any CPU
		{912A6804-D505-474C-8BBB-59E5F7480094}.Release|x86.ActiveCfg = Release|Any CPU
		{912A6804-D505-474C-8BBB-59E5F7480094}.Release|x86.Build.0 = Release|Any CPU
		{716366EE-AAA0-4F7E-930E-F9D1CF229671}.Debug|Any CPU.ActiveCfg = Debug|Any CPU
		{716366EE-AAA0-4F7E-930E-F9D1CF229671}.Debug|Any CPU.Build.0 = Debug|Any CPU
		{716366EE-AAA0-4F7E-930E-F9D1CF229671}.Debug|ARM64.ActiveCfg = Debug|Any CPU
		{716366EE-AAA0-4F7E-930E-F9D1CF229671}.Debug|ARM64.Build.0 = Debug|Any CPU
		{716366EE-AAA0-4F7E-930E-F9D1CF229671}.Debug|x64.ActiveCfg = Debug|Any CPU
		{716366EE-AAA0-4F7E-930E-F9D1CF229671}.Debug|x64.Build.0 = Debug|Any CPU
		{716366EE-AAA0-4F7E-930E-F9D1CF229671}.Debug|x86.ActiveCfg = Debug|Any CPU
		{716366EE-AAA0-4F7E-930E-F9D1CF229671}.Debug|x86.Build.0 = Debug|Any CPU
		{716366EE-AAA0-4F7E-930E-F9D1CF229671}.Release|Any CPU.ActiveCfg = Release|Any CPU
		{716366EE-AAA0-4F7E-930E-F9D1CF229671}.Release|Any CPU.Build.0 = Release|Any CPU
		{716366EE-AAA0-4F7E-930E-F9D1CF229671}.Release|ARM64.ActiveCfg = Release|Any CPU
		{716366EE-AAA0-4F7E-930E-F9D1CF229671}.Release|ARM64.Build.0 = Release|Any CPU
		{716366EE-AAA0-4F7E-930E-F9D1CF229671}.Release|x64.ActiveCfg = Release|Any CPU
		{716366EE-AAA0-4F7E-930E-F9D1CF229671}.Release|x64.Build.0 = Release|Any CPU
		{716366EE-AAA0-4F7E-930E-F9D1CF229671}.Release|x86.ActiveCfg = Release|Any CPU
		{716366EE-AAA0-4F7E-930E-F9D1CF229671}.Release|x86.Build.0 = Release|Any CPU
		{093CC1FE-A1F0-4697-8AF3-591CE8B97548}.Debug|Any CPU.ActiveCfg = Debug|Any CPU
		{093CC1FE-A1F0-4697-8AF3-591CE8B97548}.Debug|Any CPU.Build.0 = Debug|Any CPU
		{093CC1FE-A1F0-4697-8AF3-591CE8B97548}.Debug|ARM64.ActiveCfg = Debug|Any CPU
		{093CC1FE-A1F0-4697-8AF3-591CE8B97548}.Debug|ARM64.Build.0 = Debug|Any CPU
		{093CC1FE-A1F0-4697-8AF3-591CE8B97548}.Debug|x64.ActiveCfg = Debug|Any CPU
		{093CC1FE-A1F0-4697-8AF3-591CE8B97548}.Debug|x64.Build.0 = Debug|Any CPU
		{093CC1FE-A1F0-4697-8AF3-591CE8B97548}.Debug|x86.ActiveCfg = Debug|Any CPU
		{093CC1FE-A1F0-4697-8AF3-591CE8B97548}.Debug|x86.Build.0 = Debug|Any CPU
		{093CC1FE-A1F0-4697-8AF3-591CE8B97548}.Release|Any CPU.ActiveCfg = Release|Any CPU
		{093CC1FE-A1F0-4697-8AF3-591CE8B97548}.Release|Any CPU.Build.0 = Release|Any CPU
		{093CC1FE-A1F0-4697-8AF3-591CE8B97548}.Release|ARM64.ActiveCfg = Release|Any CPU
		{093CC1FE-A1F0-4697-8AF3-591CE8B97548}.Release|ARM64.Build.0 = Release|Any CPU
		{093CC1FE-A1F0-4697-8AF3-591CE8B97548}.Release|x64.ActiveCfg = Release|Any CPU
		{093CC1FE-A1F0-4697-8AF3-591CE8B97548}.Release|x64.Build.0 = Release|Any CPU
		{093CC1FE-A1F0-4697-8AF3-591CE8B97548}.Release|x86.ActiveCfg = Release|Any CPU
		{093CC1FE-A1F0-4697-8AF3-591CE8B97548}.Release|x86.Build.0 = Release|Any CPU
		{D9AC948D-D227-4A8D-96BE-88D7E5C54ACA}.Debug|Any CPU.ActiveCfg = Debug|Any CPU
		{D9AC948D-D227-4A8D-96BE-88D7E5C54ACA}.Debug|Any CPU.Build.0 = Debug|Any CPU
		{D9AC948D-D227-4A8D-96BE-88D7E5C54ACA}.Debug|ARM64.ActiveCfg = Debug|Any CPU
		{D9AC948D-D227-4A8D-96BE-88D7E5C54ACA}.Debug|ARM64.Build.0 = Debug|Any CPU
		{D9AC948D-D227-4A8D-96BE-88D7E5C54ACA}.Debug|x64.ActiveCfg = Debug|Any CPU
		{D9AC948D-D227-4A8D-96BE-88D7E5C54ACA}.Debug|x64.Build.0 = Debug|Any CPU
		{D9AC948D-D227-4A8D-96BE-88D7E5C54ACA}.Debug|x86.ActiveCfg = Debug|Any CPU
		{D9AC948D-D227-4A8D-96BE-88D7E5C54ACA}.Debug|x86.Build.0 = Debug|Any CPU
		{D9AC948D-D227-4A8D-96BE-88D7E5C54ACA}.Release|Any CPU.ActiveCfg = Release|Any CPU
		{D9AC948D-D227-4A8D-96BE-88D7E5C54ACA}.Release|Any CPU.Build.0 = Release|Any CPU
		{D9AC948D-D227-4A8D-96BE-88D7E5C54ACA}.Release|ARM64.ActiveCfg = Release|Any CPU
		{D9AC948D-D227-4A8D-96BE-88D7E5C54ACA}.Release|ARM64.Build.0 = Release|Any CPU
		{D9AC948D-D227-4A8D-96BE-88D7E5C54ACA}.Release|x64.ActiveCfg = Release|Any CPU
		{D9AC948D-D227-4A8D-96BE-88D7E5C54ACA}.Release|x64.Build.0 = Release|Any CPU
		{D9AC948D-D227-4A8D-96BE-88D7E5C54ACA}.Release|x86.ActiveCfg = Release|Any CPU
		{D9AC948D-D227-4A8D-96BE-88D7E5C54ACA}.Release|x86.Build.0 = Release|Any CPU
		{6B2EC35D-930D-4387-B72F-975A8F16A25D}.Debug|Any CPU.ActiveCfg = Debug|Any CPU
		{6B2EC35D-930D-4387-B72F-975A8F16A25D}.Debug|Any CPU.Build.0 = Debug|Any CPU
		{6B2EC35D-930D-4387-B72F-975A8F16A25D}.Debug|ARM64.ActiveCfg = Debug|Any CPU
		{6B2EC35D-930D-4387-B72F-975A8F16A25D}.Debug|ARM64.Build.0 = Debug|Any CPU
		{6B2EC35D-930D-4387-B72F-975A8F16A25D}.Debug|x64.ActiveCfg = Debug|Any CPU
		{6B2EC35D-930D-4387-B72F-975A8F16A25D}.Debug|x64.Build.0 = Debug|Any CPU
		{6B2EC35D-930D-4387-B72F-975A8F16A25D}.Debug|x86.ActiveCfg = Debug|Any CPU
		{6B2EC35D-930D-4387-B72F-975A8F16A25D}.Debug|x86.Build.0 = Debug|Any CPU
		{6B2EC35D-930D-4387-B72F-975A8F16A25D}.Release|Any CPU.ActiveCfg = Release|Any CPU
		{6B2EC35D-930D-4387-B72F-975A8F16A25D}.Release|Any CPU.Build.0 = Release|Any CPU
		{6B2EC35D-930D-4387-B72F-975A8F16A25D}.Release|ARM64.ActiveCfg = Release|Any CPU
		{6B2EC35D-930D-4387-B72F-975A8F16A25D}.Release|ARM64.Build.0 = Release|Any CPU
		{6B2EC35D-930D-4387-B72F-975A8F16A25D}.Release|x64.ActiveCfg = Release|Any CPU
		{6B2EC35D-930D-4387-B72F-975A8F16A25D}.Release|x64.Build.0 = Release|Any CPU
		{6B2EC35D-930D-4387-B72F-975A8F16A25D}.Release|x86.ActiveCfg = Release|Any CPU
		{6B2EC35D-930D-4387-B72F-975A8F16A25D}.Release|x86.Build.0 = Release|Any CPU
		{47044FE7-3630-487C-AB09-6BEDCBC3998C}.Debug|Any CPU.ActiveCfg = Debug|Any CPU
		{47044FE7-3630-487C-AB09-6BEDCBC3998C}.Debug|Any CPU.Build.0 = Debug|Any CPU
		{47044FE7-3630-487C-AB09-6BEDCBC3998C}.Debug|ARM64.ActiveCfg = Debug|Any CPU
		{47044FE7-3630-487C-AB09-6BEDCBC3998C}.Debug|ARM64.Build.0 = Debug|Any CPU
		{47044FE7-3630-487C-AB09-6BEDCBC3998C}.Debug|x64.ActiveCfg = Debug|Any CPU
		{47044FE7-3630-487C-AB09-6BEDCBC3998C}.Debug|x64.Build.0 = Debug|Any CPU
		{47044FE7-3630-487C-AB09-6BEDCBC3998C}.Debug|x86.ActiveCfg = Debug|Any CPU
		{47044FE7-3630-487C-AB09-6BEDCBC3998C}.Debug|x86.Build.0 = Debug|Any CPU
		{47044FE7-3630-487C-AB09-6BEDCBC3998C}.Release|Any CPU.ActiveCfg = Release|Any CPU
		{47044FE7-3630-487C-AB09-6BEDCBC3998C}.Release|Any CPU.Build.0 = Release|Any CPU
		{47044FE7-3630-487C-AB09-6BEDCBC3998C}.Release|ARM64.ActiveCfg = Release|Any CPU
		{47044FE7-3630-487C-AB09-6BEDCBC3998C}.Release|ARM64.Build.0 = Release|Any CPU
		{47044FE7-3630-487C-AB09-6BEDCBC3998C}.Release|x64.ActiveCfg = Release|Any CPU
		{47044FE7-3630-487C-AB09-6BEDCBC3998C}.Release|x64.Build.0 = Release|Any CPU
		{47044FE7-3630-487C-AB09-6BEDCBC3998C}.Release|x86.ActiveCfg = Release|Any CPU
		{47044FE7-3630-487C-AB09-6BEDCBC3998C}.Release|x86.Build.0 = Release|Any CPU
		{DDF154C7-9CC3-4C93-9611-96D576A29EDF}.Debug|Any CPU.ActiveCfg = Debug|Any CPU
		{DDF154C7-9CC3-4C93-9611-96D576A29EDF}.Debug|Any CPU.Build.0 = Debug|Any CPU
		{DDF154C7-9CC3-4C93-9611-96D576A29EDF}.Debug|ARM64.ActiveCfg = Debug|Any CPU
		{DDF154C7-9CC3-4C93-9611-96D576A29EDF}.Debug|ARM64.Build.0 = Debug|Any CPU
		{DDF154C7-9CC3-4C93-9611-96D576A29EDF}.Debug|x64.ActiveCfg = Debug|Any CPU
		{DDF154C7-9CC3-4C93-9611-96D576A29EDF}.Debug|x64.Build.0 = Debug|Any CPU
		{DDF154C7-9CC3-4C93-9611-96D576A29EDF}.Debug|x86.ActiveCfg = Debug|Any CPU
		{DDF154C7-9CC3-4C93-9611-96D576A29EDF}.Debug|x86.Build.0 = Debug|Any CPU
		{DDF154C7-9CC3-4C93-9611-96D576A29EDF}.Release|Any CPU.ActiveCfg = Release|Any CPU
		{DDF154C7-9CC3-4C93-9611-96D576A29EDF}.Release|Any CPU.Build.0 = Release|Any CPU
		{DDF154C7-9CC3-4C93-9611-96D576A29EDF}.Release|ARM64.ActiveCfg = Release|Any CPU
		{DDF154C7-9CC3-4C93-9611-96D576A29EDF}.Release|ARM64.Build.0 = Release|Any CPU
		{DDF154C7-9CC3-4C93-9611-96D576A29EDF}.Release|x64.ActiveCfg = Release|Any CPU
		{DDF154C7-9CC3-4C93-9611-96D576A29EDF}.Release|x64.Build.0 = Release|Any CPU
		{DDF154C7-9CC3-4C93-9611-96D576A29EDF}.Release|x86.ActiveCfg = Release|Any CPU
		{DDF154C7-9CC3-4C93-9611-96D576A29EDF}.Release|x86.Build.0 = Release|Any CPU
		{F2D19632-5348-479C-8111-8DA341EC6BA8}.Debug|Any CPU.ActiveCfg = Debug|Any CPU
		{F2D19632-5348-479C-8111-8DA341EC6BA8}.Debug|Any CPU.Build.0 = Debug|Any CPU
		{F2D19632-5348-479C-8111-8DA341EC6BA8}.Debug|ARM64.ActiveCfg = Debug|Any CPU
		{F2D19632-5348-479C-8111-8DA341EC6BA8}.Debug|ARM64.Build.0 = Debug|Any CPU
		{F2D19632-5348-479C-8111-8DA341EC6BA8}.Debug|x64.ActiveCfg = Debug|Any CPU
		{F2D19632-5348-479C-8111-8DA341EC6BA8}.Debug|x64.Build.0 = Debug|Any CPU
		{F2D19632-5348-479C-8111-8DA341EC6BA8}.Debug|x86.ActiveCfg = Debug|Any CPU
		{F2D19632-5348-479C-8111-8DA341EC6BA8}.Debug|x86.Build.0 = Debug|Any CPU
		{F2D19632-5348-479C-8111-8DA341EC6BA8}.Release|Any CPU.ActiveCfg = Release|Any CPU
		{F2D19632-5348-479C-8111-8DA341EC6BA8}.Release|Any CPU.Build.0 = Release|Any CPU
		{F2D19632-5348-479C-8111-8DA341EC6BA8}.Release|ARM64.ActiveCfg = Release|Any CPU
		{F2D19632-5348-479C-8111-8DA341EC6BA8}.Release|ARM64.Build.0 = Release|Any CPU
		{F2D19632-5348-479C-8111-8DA341EC6BA8}.Release|x64.ActiveCfg = Release|Any CPU
		{F2D19632-5348-479C-8111-8DA341EC6BA8}.Release|x64.Build.0 = Release|Any CPU
		{F2D19632-5348-479C-8111-8DA341EC6BA8}.Release|x86.ActiveCfg = Release|Any CPU
		{F2D19632-5348-479C-8111-8DA341EC6BA8}.Release|x86.Build.0 = Release|Any CPU
		{B631FB5A-EC7F-4212-8E65-279639B438A0}.Debug|Any CPU.ActiveCfg = Debug|Any CPU
		{B631FB5A-EC7F-4212-8E65-279639B438A0}.Debug|Any CPU.Build.0 = Debug|Any CPU
		{B631FB5A-EC7F-4212-8E65-279639B438A0}.Debug|ARM64.ActiveCfg = Debug|Any CPU
		{B631FB5A-EC7F-4212-8E65-279639B438A0}.Debug|ARM64.Build.0 = Debug|Any CPU
		{B631FB5A-EC7F-4212-8E65-279639B438A0}.Debug|x64.ActiveCfg = Debug|Any CPU
		{B631FB5A-EC7F-4212-8E65-279639B438A0}.Debug|x64.Build.0 = Debug|Any CPU
		{B631FB5A-EC7F-4212-8E65-279639B438A0}.Debug|x86.ActiveCfg = Debug|Any CPU
		{B631FB5A-EC7F-4212-8E65-279639B438A0}.Debug|x86.Build.0 = Debug|Any CPU
		{B631FB5A-EC7F-4212-8E65-279639B438A0}.Release|Any CPU.ActiveCfg = Release|Any CPU
		{B631FB5A-EC7F-4212-8E65-279639B438A0}.Release|Any CPU.Build.0 = Release|Any CPU
		{B631FB5A-EC7F-4212-8E65-279639B438A0}.Release|ARM64.ActiveCfg = Release|Any CPU
		{B631FB5A-EC7F-4212-8E65-279639B438A0}.Release|ARM64.Build.0 = Release|Any CPU
		{B631FB5A-EC7F-4212-8E65-279639B438A0}.Release|x64.ActiveCfg = Release|Any CPU
		{B631FB5A-EC7F-4212-8E65-279639B438A0}.Release|x64.Build.0 = Release|Any CPU
		{B631FB5A-EC7F-4212-8E65-279639B438A0}.Release|x86.ActiveCfg = Release|Any CPU
		{B631FB5A-EC7F-4212-8E65-279639B438A0}.Release|x86.Build.0 = Release|Any CPU
		{A834D54E-D9F9-42D9-9960-58F1CC84B84F}.Debug|Any CPU.ActiveCfg = Debug|Any CPU
		{A834D54E-D9F9-42D9-9960-58F1CC84B84F}.Debug|Any CPU.Build.0 = Debug|Any CPU
		{A834D54E-D9F9-42D9-9960-58F1CC84B84F}.Debug|ARM64.ActiveCfg = Debug|Any CPU
		{A834D54E-D9F9-42D9-9960-58F1CC84B84F}.Debug|ARM64.Build.0 = Debug|Any CPU
		{A834D54E-D9F9-42D9-9960-58F1CC84B84F}.Debug|x64.ActiveCfg = Debug|Any CPU
		{A834D54E-D9F9-42D9-9960-58F1CC84B84F}.Debug|x64.Build.0 = Debug|Any CPU
		{A834D54E-D9F9-42D9-9960-58F1CC84B84F}.Debug|x86.ActiveCfg = Debug|Any CPU
		{A834D54E-D9F9-42D9-9960-58F1CC84B84F}.Debug|x86.Build.0 = Debug|Any CPU
		{A834D54E-D9F9-42D9-9960-58F1CC84B84F}.Release|Any CPU.ActiveCfg = Release|Any CPU
		{A834D54E-D9F9-42D9-9960-58F1CC84B84F}.Release|Any CPU.Build.0 = Release|Any CPU
		{A834D54E-D9F9-42D9-9960-58F1CC84B84F}.Release|ARM64.ActiveCfg = Release|Any CPU
		{A834D54E-D9F9-42D9-9960-58F1CC84B84F}.Release|ARM64.Build.0 = Release|Any CPU
		{A834D54E-D9F9-42D9-9960-58F1CC84B84F}.Release|x64.ActiveCfg = Release|Any CPU
		{A834D54E-D9F9-42D9-9960-58F1CC84B84F}.Release|x64.Build.0 = Release|Any CPU
		{A834D54E-D9F9-42D9-9960-58F1CC84B84F}.Release|x86.ActiveCfg = Release|Any CPU
		{A834D54E-D9F9-42D9-9960-58F1CC84B84F}.Release|x86.Build.0 = Release|Any CPU
	EndGlobalSection
	GlobalSection(SolutionProperties) = preSolution
		HideSolutionNode = FALSE
	EndGlobalSection
	GlobalSection(ExtensibilityGlobals) = postSolution
		SolutionGuid = {51CA3030-9474-42C3-895A-0852DA899743}
	EndGlobalSection
EndGlobal
